{
  "version": 4,
  "terraform_version": "0.14.2",
  "serial": 539,
  "lineage": "f78ed856-d54a-8ab7-2680-7740bbe0007c",
  "outputs": {},
  "resources": [
    {
      "module": "module.vpc",
      "mode": "managed",
      "type": "google_compute_network",
      "name": "vpc",
      "provider": "provider[\"registry.terraform.io/hashicorp/google\"]",
      "instances": [
        {
          "schema_version": 0,
          "attributes": {
            "auto_create_subnetworks": false,
            "delete_default_routes_on_create": false,
            "description": "",
            "gateway_ipv4": "",
            "id": "projects/thermal-tome-298313/global/networks/kube-vpc",
            "mtu": 0,
            "name": "kube-vpc",
            "project": "thermal-tome-298313",
            "routing_mode": "REGIONAL",
            "self_link": "https://www.googleapis.com/compute/v1/projects/thermal-tome-298313/global/networks/kube-vpc",
            "timeouts": null
          },
          "sensitive_attributes": []
        }
      ]
    }
  ]
}
